
Microsoft Visual Studio Solution File, Format Version 12.00
# Visual Studio Version 16
VisualStudioVersion = 16.0.33328.57
MinimumVisualStudioVersion = 10.0.40219.1
Project("{FAE04EC0-301F-11D3-BF4B-00C04F79EFBC}") = "WpfApp1", "WpfApp1\WpfApp1.csproj", "{DBF7C4FC-0038-45E4-8A7C-293AB62655C4}"
EndProject
Global
	GlobalSection(SolutionConfigurationPlatforms) = preSolution
		Debug|Any CPU = Debug|Any CPU
		Release|Any CPU = Release|Any CPU
	EndGlobalSection
	GlobalSection(ProjectConfigurationPlatforms) = postSolution
		{DBF7C4FC-0038-45E4-8A7C-293AB62655C4}.Debug|Any CPU.ActiveCfg = Debug|Any CPU
		{DBF7C4FC-0038-45E4-8A7C-293AB62655C4}.Debug|Any CPU.Build.0 = Debug|Any CPU
		{DBF7C4FC-0038-45E4-8A7C-293AB62655C4}.Release|Any CPU.ActiveCfg = Release|Any CPU
		{DBF7C4FC-0038-45E4-8A7C-293AB62655C4}.Release|Any CPU.Build.0 = Release|Any CPU
	EndGlobalSection
	GlobalSection(SolutionProperties) = preSolution
		HideSolutionNode = FALSE
	EndGlobalSection
	GlobalSection(ExtensibilityGlobals) = postSolution
		SolutionGuid = {22F808ED-6D2B-43B5-A647-FBB1691AB7F6}
	EndGlobalSection
EndGlobal
